
Microsoft Visual Studio Solution File, Format Version 12.00
# Visual Studio Version 17
VisualStudioVersion = 17.5.002.0
MinimumVisualStudioVersion = 10.0.40219.1
Project("{9A19103F-16F7-4668-BE54-9A1E7A4F7556}") = "PuntoventaApp", "PuntoventaApp\PuntoventaApp.csproj", "{576EB5CA-53A1-485C-AB74-62AB9DD6C6EE}"
EndProject
Global
	GlobalSection(SolutionConfigurationPlatforms) = preSolution
		Debug|Any CPU = Debug|Any CPU
		Release|Any CPU = Release|Any CPU
	EndGlobalSection
	GlobalSection(ProjectConfigurationPlatforms) = postSolution
		{576EB5CA-53A1-485C-AB74-62AB9DD6C6EE}.Debug|Any CPU.ActiveCfg = Debug|Any CPU
		{576EB5CA-53A1-485C-AB74-62AB9DD6C6EE}.Debug|Any CPU.Build.0 = Debug|Any CPU
		{576EB5CA-53A1-485C-AB74-62AB9DD6C6EE}.Release|Any CPU.ActiveCfg = Release|Any CPU
		{576EB5CA-53A1-485C-AB74-62AB9DD6C6EE}.Release|Any CPU.Build.0 = Release|Any CPU
	EndGlobalSection
	GlobalSection(SolutionProperties) = preSolution
		HideSolutionNode = FALSE
	EndGlobalSection
	GlobalSection(ExtensibilityGlobals) = postSolution
		SolutionGuid = {6145A505-EF0C-4B85-AC78-042A637B888B}
	EndGlobalSection
EndGlobal
